
Microsoft Visual Studio Solution File, Format Version 12.00
# Visual Studio 15
Project("{2150E333-8FDC-42A3-9474-1A3956D46DE8}") = "Tests", "Tests", "{F57F96DB-1C8D-41BC-AE7E-847EA65B4822}"
EndProject
Project("{FAE04EC0-301F-11D3-BF4B-00C04F79EFBC}") = "CommonXaml.ParserTests", "CommonXaml.ParserTests\CommonXaml.ParserTests.csproj", "{D8F94ADA-9086-4458-BC0F-3BB1021F0B70}"
EndProject
Project("{FAE04EC0-301F-11D3-BF4B-00C04F79EFBC}") = "CommonXaml", "CommonXaml\CommonXaml.csproj", "{ABED84FF-6937-4F15-A917-FE4FE22BE70A}"
EndProject
Global
	GlobalSection(SolutionConfigurationPlatforms) = preSolution
		Debug|Any CPU = Debug|Any CPU
		Release|Any CPU = Release|Any CPU
	EndGlobalSection
	GlobalSection(ProjectConfigurationPlatforms) = postSolution
		{D8F94ADA-9086-4458-BC0F-3BB1021F0B70}.Debug|Any CPU.ActiveCfg = Debug|Any CPU
		{D8F94ADA-9086-4458-BC0F-3BB1021F0B70}.Debug|Any CPU.Build.0 = Debug|Any CPU
		{D8F94ADA-9086-4458-BC0F-3BB1021F0B70}.Release|Any CPU.ActiveCfg = Release|Any CPU
		{D8F94ADA-9086-4458-BC0F-3BB1021F0B70}.Release|Any CPU.Build.0 = Release|Any CPU
		{ABED84FF-6937-4F15-A917-FE4FE22BE70A}.Debug|Any CPU.ActiveCfg = Debug|Any CPU
		{ABED84FF-6937-4F15-A917-FE4FE22BE70A}.Debug|Any CPU.Build.0 = Debug|Any CPU
		{ABED84FF-6937-4F15-A917-FE4FE22BE70A}.Release|Any CPU.ActiveCfg = Release|Any CPU
		{ABED84FF-6937-4F15-A917-FE4FE22BE70A}.Release|Any CPU.Build.0 = Release|Any CPU
	EndGlobalSection
	GlobalSection(NestedProjects) = preSolution
		{D8F94ADA-9086-4458-BC0F-3BB1021F0B70} = {F57F96DB-1C8D-41BC-AE7E-847EA65B4822}
	EndGlobalSection
EndGlobal
